
Microsoft Visual Studio Solution File, Format Version 12.00
# Visual Studio 14
VisualStudioVersion = 14.0.25123.0
MinimumVisualStudioVersion = 10.0.40219.1
Project("{8BC9CEB8-8B4A-11D0-8D11-00A0C91BC942}") = "1_start", "1_start\1_start.vcxproj", "{8BF51258-8BAC-4E45-B1BC-F3EB64428A50}"
EndProject
Project("{8BC9CEB8-8B4A-11D0-8D11-00A0C91BC942}") = "2_GDI_1", "2_GDI_1\2_GDI_1.vcxproj", "{2D8E6A59-E144-4142-BE72-FE01F2A318B4}"
EndProject
Project("{8BC9CEB8-8B4A-11D0-8D11-00A0C91BC942}") = "3_GDI_2", "3_GDI_2\3_GDI_2.vcxproj", "{4CD4F2E3-20F8-45E1-BAFA-9A9DDB033766}"
EndProject
Project("{8BC9CEB8-8B4A-11D0-8D11-00A0C91BC942}") = "4_GDI_3", "4_GDI_3\4_GDI_3.vcxproj", "{D0DAE15B-C20A-4D2B-9C00-C5D4F8CAA598}"
EndProject
Project("{8BC9CEB8-8B4A-11D0-8D11-00A0C91BC942}") = "5_GDI_4", "5_GDI_4\5_GDI_4.vcxproj", "{598F289C-319C-41A6-91EA-1C6E9F7E3347}"
EndProject
Project("{8BC9CEB8-8B4A-11D0-8D11-00A0C91BC942}") = "6_GDI_5", "6_GDI_5\6_GDI_5.vcxproj", "{8C9E946B-203A-4C1D-8468-760EFF48F9E1}"
EndProject
Project("{8BC9CEB8-8B4A-11D0-8D11-00A0C91BC942}") = "7_GDI_6", "7_GDI_6\7_GDI_6.vcxproj", "{EF9445D2-50FD-49EC-AA35-F0B7DC42F524}"
EndProject
Project("{8BC9CEB8-8B4A-11D0-8D11-00A0C91BC942}") = "8_GDI_7", "8_GDI_7\8_GDI_7.vcxproj", "{8F887880-63C8-4CF7-98C9-E7FB32420648}"
EndProject
Project("{8BC9CEB8-8B4A-11D0-8D11-00A0C91BC942}") = "9_GDI_8", "9_GDI_8\9_GDI_8.vcxproj", "{11F12AC4-6BDA-47F5-BE1D-04ECE08DA9CC}"
EndProject
Project("{8BC9CEB8-8B4A-11D0-8D11-00A0C91BC942}") = "10_GDI_9", "10_GDI_9\10_GDI_9.vcxproj", "{3CE5E891-D4BA-40DC-AADE-3BE86001AB6C}"
EndProject
Project("{8BC9CEB8-8B4A-11D0-8D11-00A0C91BC942}") = "11_GDI_10", "11_GDI_10\11_GDI_10.vcxproj", "{0307B0DE-68AC-4DDC-95AB-304B7B967B80}"
EndProject
Project("{8BC9CEB8-8B4A-11D0-8D11-00A0C91BC942}") = "12_GDI_11", "12_GDI_11\12_GDI_11.vcxproj", "{7532E3A1-44EA-4E97-BB4E-2B61227D55AB}"
EndProject
Project("{8BC9CEB8-8B4A-11D0-8D11-00A0C91BC942}") = "13_GDI_12", "13_GDI_12\13_GDI_12.vcxproj", "{9FE66F8F-AD9F-4FC9-B2D0-F945A9008125}"
EndProject
Project("{8BC9CEB8-8B4A-11D0-8D11-00A0C91BC942}") = "14_Direct_1", "14_Direct_1\14_Direct_1.vcxproj", "{71DDA175-BE19-4787-A7BD-40E15A3270E8}"
EndProject
Project("{8BC9CEB8-8B4A-11D0-8D11-00A0C91BC942}") = "15_cpp_1", "15_cpp_1\15_cpp_1.vcxproj", "{4CD024C2-7ECD-44E0-ABC7-8DADA26F8A92}"
EndProject
Project("{8BC9CEB8-8B4A-11D0-8D11-00A0C91BC942}") = "16_GDI_FINAL", "16_GDI_FINAL\16_GDI_FINAL.vcxproj", "{8C75299D-0312-464A-9C5C-1FDB6B46411D}"
EndProject
Global
	GlobalSection(SolutionConfigurationPlatforms) = preSolution
		Debug|x64 = Debug|x64
		Debug|x86 = Debug|x86
		Release|x64 = Release|x64
		Release|x86 = Release|x86
	EndGlobalSection
	GlobalSection(ProjectConfigurationPlatforms) = postSolution
		{8BF51258-8BAC-4E45-B1BC-F3EB64428A50}.Debug|x64.ActiveCfg = Debug|x64
		{8BF51258-8BAC-4E45-B1BC-F3EB64428A50}.Debug|x64.Build.0 = Debug|x64
		{8BF51258-8BAC-4E45-B1BC-F3EB64428A50}.Debug|x86.ActiveCfg = Debug|Win32
		{8BF51258-8BAC-4E45-B1BC-F3EB64428A50}.Debug|x86.Build.0 = Debug|Win32
		{8BF51258-8BAC-4E45-B1BC-F3EB64428A50}.Release|x64.ActiveCfg = Release|x64
		{8BF51258-8BAC-4E45-B1BC-F3EB64428A50}.Release|x64.Build.0 = Release|x64
		{8BF51258-8BAC-4E45-B1BC-F3EB64428A50}.Release|x86.ActiveCfg = Release|Win32
		{8BF51258-8BAC-4E45-B1BC-F3EB64428A50}.Release|x86.Build.0 = Release|Win32
		{2D8E6A59-E144-4142-BE72-FE01F2A318B4}.Debug|x64.ActiveCfg = Debug|x64
		{2D8E6A59-E144-4142-BE72-FE01F2A318B4}.Debug|x64.Build.0 = Debug|x64
		{2D8E6A59-E144-4142-BE72-FE01F2A318B4}.Debug|x86.ActiveCfg = Debug|Win32
		{2D8E6A59-E144-4142-BE72-FE01F2A318B4}.Debug|x86.Build.0 = Debug|Win32
		{2D8E6A59-E144-4142-BE72-FE01F2A318B4}.Release|x64.ActiveCfg = Release|x64
		{2D8E6A59-E144-4142-BE72-FE01F2A318B4}.Release|x64.Build.0 = Release|x64
		{2D8E6A59-E144-4142-BE72-FE01F2A318B4}.Release|x86.ActiveCfg = Release|Win32
		{2D8E6A59-E144-4142-BE72-FE01F2A318B4}.Release|x86.Build.0 = Release|Win32
		{4CD4F2E3-20F8-45E1-BAFA-9A9DDB033766}.Debug|x64.ActiveCfg = Debug|x64
		{4CD4F2E3-20F8-45E1-BAFA-9A9DDB033766}.Debug|x64.Build.0 = Debug|x64
		{4CD4F2E3-20F8-45E1-BAFA-9A9DDB033766}.Debug|x86.ActiveCfg = Debug|Win32
		{4CD4F2E3-20F8-45E1-BAFA-9A9DDB033766}.Debug|x86.Build.0 = Debug|Win32
		{4CD4F2E3-20F8-45E1-BAFA-9A9DDB033766}.Release|x64.ActiveCfg = Release|x64
		{4CD4F2E3-20F8-45E1-BAFA-9A9DDB033766}.Release|x64.Build.0 = Release|x64
		{4CD4F2E3-20F8-45E1-BAFA-9A9DDB033766}.Release|x86.ActiveCfg = Release|Win32
		{4CD4F2E3-20F8-45E1-BAFA-9A9DDB033766}.Release|x86.Build.0 = Release|Win32
		{D0DAE15B-C20A-4D2B-9C00-C5D4F8CAA598}.Debug|x64.ActiveCfg = Debug|x64
		{D0DAE15B-C20A-4D2B-9C00-C5D4F8CAA598}.Debug|x64.Build.0 = Debug|x64
		{D0DAE15B-C20A-4D2B-9C00-C5D4F8CAA598}.Debug|x86.ActiveCfg = Debug|Win32
		{D0DAE15B-C20A-4D2B-9C00-C5D4F8CAA598}.Debug|x86.Build.0 = Debug|Win32
		{D0DAE15B-C20A-4D2B-9C00-C5D4F8CAA598}.Release|x64.ActiveCfg = Release|x64
		{D0DAE15B-C20A-4D2B-9C00-C5D4F8CAA598}.Release|x64.Build.0 = Release|x64
		{D0DAE15B-C20A-4D2B-9C00-C5D4F8CAA598}.Release|x86.ActiveCfg = Release|Win32
		{D0DAE15B-C20A-4D2B-9C00-C5D4F8CAA598}.Release|x86.Build.0 = Release|Win32
		{598F289C-319C-41A6-91EA-1C6E9F7E3347}.Debug|x64.ActiveCfg = Debug|x64
		{598F289C-319C-41A6-91EA-1C6E9F7E3347}.Debug|x64.Build.0 = Debug|x64
		{598F289C-319C-41A6-91EA-1C6E9F7E3347}.Debug|x86.ActiveCfg = Debug|Win32
		{598F289C-319C-41A6-91EA-1C6E9F7E3347}.Debug|x86.Build.0 = Debug|Win32
		{598F289C-319C-41A6-91EA-1C6E9F7E3347}.Release|x64.ActiveCfg = Release|x64
		{598F289C-319C-41A6-91EA-1C6E9F7E3347}.Release|x64.Build.0 = Release|x64
		{598F289C-319C-41A6-91EA-1C6E9F7E3347}.Release|x86.ActiveCfg = Release|Win32
		{598F289C-319C-41A6-91EA-1C6E9F7E3347}.Release|x86.Build.0 = Release|Win32
		{8C9E946B-203A-4C1D-8468-760EFF48F9E1}.Debug|x64.ActiveCfg = Debug|x64
		{8C9E946B-203A-4C1D-8468-760EFF48F9E1}.Debug|x64.Build.0 = Debug|x64
		{8C9E946B-203A-4C1D-8468-760EFF48F9E1}.Debug|x86.ActiveCfg = Debug|Win32
		{8C9E946B-203A-4C1D-8468-760EFF48F9E1}.Debug|x86.Build.0 = Debug|Win32
		{8C9E946B-203A-4C1D-8468-760EFF48F9E1}.Release|x64.ActiveCfg = Release|x64
		{8C9E946B-203A-4C1D-8468-760EFF48F9E1}.Release|x64.Build.0 = Release|x64
		{8C9E946B-203A-4C1D-8468-760EFF48F9E1}.Release|x86.ActiveCfg = Release|Win32
		{8C9E946B-203A-4C1D-8468-760EFF48F9E1}.Release|x86.Build.0 = Release|Win32
		{EF9445D2-50FD-49EC-AA35-F0B7DC42F524}.Debug|x64.ActiveCfg = Debug|x64
		{EF9445D2-50FD-49EC-AA35-F0B7DC42F524}.Debug|x64.Build.0 = Debug|x64
		{EF9445D2-50FD-49EC-AA35-F0B7DC42F524}.Debug|x86.ActiveCfg = Debug|Win32
		{EF9445D2-50FD-49EC-AA35-F0B7DC42F524}.Debug|x86.Build.0 = Debug|Win32
		{EF9445D2-50FD-49EC-AA35-F0B7DC42F524}.Release|x64.ActiveCfg = Release|x64
		{EF9445D2-50FD-49EC-AA35-F0B7DC42F524}.Release|x64.Build.0 = Release|x64
		{EF9445D2-50FD-49EC-AA35-F0B7DC42F524}.Release|x86.ActiveCfg = Release|Win32
		{EF9445D2-50FD-49EC-AA35-F0B7DC42F524}.Release|x86.Build.0 = Release|Win32
		{8F887880-63C8-4CF7-98C9-E7FB32420648}.Debug|x64.ActiveCfg = Debug|x64
		{8F887880-63C8-4CF7-98C9-E7FB32420648}.Debug|x64.Build.0 = Debug|x64
		{8F887880-63C8-4CF7-98C9-E7FB32420648}.Debug|x86.ActiveCfg = Debug|Win32
		{8F887880-63C8-4CF7-98C9-E7FB32420648}.Debug|x86.Build.0 = Debug|Win32
		{8F887880-63C8-4CF7-98C9-E7FB32420648}.Release|x64.ActiveCfg = Release|x64
		{8F887880-63C8-4CF7-98C9-E7FB32420648}.Release|x64.Build.0 = Release|x64
		{8F887880-63C8-4CF7-98C9-E7FB32420648}.Release|x86.ActiveCfg = Release|Win32
		{8F887880-63C8-4CF7-98C9-E7FB32420648}.Release|x86.Build.0 = Release|Win32
		{11F12AC4-6BDA-47F5-BE1D-04ECE08DA9CC}.Debug|x64.ActiveCfg = Debug|x64
		{11F12AC4-6BDA-47F5-BE1D-04ECE08DA9CC}.Debug|x64.Build.0 = Debug|x64
		{11F12AC4-6BDA-47F5-BE1D-04ECE08DA9CC}.Debug|x86.ActiveCfg = Debug|Win32
		{11F12AC4-6BDA-47F5-BE1D-04ECE08DA9CC}.Debug|x86.Build.0 = Debug|Win32
		{11F12AC4-6BDA-47F5-BE1D-04ECE08DA9CC}.Release|x64.ActiveCfg = Release|x64
		{11F12AC4-6BDA-47F5-BE1D-04ECE08DA9CC}.Release|x64.Build.0 = Release|x64
		{11F12AC4-6BDA-47F5-BE1D-04ECE08DA9CC}.Release|x86.ActiveCfg = Release|Win32
		{11F12AC4-6BDA-47F5-BE1D-04ECE08DA9CC}.Release|x86.Build.0 = Release|Win32
		{3CE5E891-D4BA-40DC-AADE-3BE86001AB6C}.Debug|x64.ActiveCfg = Debug|x64
		{3CE5E891-D4BA-40DC-AADE-3BE86001AB6C}.Debug|x64.Build.0 = Debug|x64
		{3CE5E891-D4BA-40DC-AADE-3BE86001AB6C}.Debug|x86.ActiveCfg = Debug|Win32
		{3CE5E891-D4BA-40DC-AADE-3BE86001AB6C}.Debug|x86.Build.0 = Debug|Win32
		{3CE5E891-D4BA-40DC-AADE-3BE86001AB6C}.Release|x64.ActiveCfg = Release|x64
		{3CE5E891-D4BA-40DC-AADE-3BE86001AB6C}.Release|x64.Build.0 = Release|x64
		{3CE5E891-D4BA-40DC-AADE-3BE86001AB6C}.Release|x86.ActiveCfg = Release|Win32
		{3CE5E891-D4BA-40DC-AADE-3BE86001AB6C}.Release|x86.Build.0 = Release|Win32
		{0307B0DE-68AC-4DDC-95AB-304B7B967B80}.Debug|x64.ActiveCfg = Debug|x64
		{0307B0DE-68AC-4DDC-95AB-304B7B967B80}.Debug|x64.Build.0 = Debug|x64
		{0307B0DE-68AC-4DDC-95AB-304B7B967B80}.Debug|x86.ActiveCfg = Debug|Win32
		{0307B0DE-68AC-4DDC-95AB-304B7B967B80}.Debug|x86.Build.0 = Debug|Win32
		{0307B0DE-68AC-4DDC-95AB-304B7B967B80}.Release|x64.ActiveCfg = Release|x64
		{0307B0DE-68AC-4DDC-95AB-304B7B967B80}.Release|x64.Build.0 = Release|x64
		{0307B0DE-68AC-4DDC-95AB-304B7B967B80}.Release|x86.ActiveCfg = Release|Win32
		{0307B0DE-68AC-4DDC-95AB-304B7B967B80}.Release|x86.Build.0 = Release|Win32
		{7532E3A1-44EA-4E97-BB4E-2B61227D55AB}.Debug|x64.ActiveCfg = Debug|x64
		{7532E3A1-44EA-4E97-BB4E-2B61227D55AB}.Debug|x64.Build.0 = Debug|x64
		{7532E3A1-44EA-4E97-BB4E-2B61227D55AB}.Debug|x86.ActiveCfg = Debug|Win32
		{7532E3A1-44EA-4E97-BB4E-2B61227D55AB}.Debug|x86.Build.0 = Debug|Win32
		{7532E3A1-44EA-4E97-BB4E-2B61227D55AB}.Release|x64.ActiveCfg = Release|x64
		{7532E3A1-44EA-4E97-BB4E-2B61227D55AB}.Release|x64.Build.0 = Release|x64
		{7532E3A1-44EA-4E97-BB4E-2B61227D55AB}.Release|x86.ActiveCfg = Release|Win32
		{7532E3A1-44EA-4E97-BB4E-2B61227D55AB}.Release|x86.Build.0 = Release|Win32
		{9FE66F8F-AD9F-4FC9-B2D0-F945A9008125}.Debug|x64.ActiveCfg = Debug|x64
		{9FE66F8F-AD9F-4FC9-B2D0-F945A9008125}.Debug|x64.Build.0 = Debug|x64
		{9FE66F8F-AD9F-4FC9-B2D0-F945A9008125}.Debug|x86.ActiveCfg = Debug|Win32
		{9FE66F8F-AD9F-4FC9-B2D0-F945A9008125}.Debug|x86.Build.0 = Debug|Win32
		{9FE66F8F-AD9F-4FC9-B2D0-F945A9008125}.Release|x64.ActiveCfg = Release|x64
		{9FE66F8F-AD9F-4FC9-B2D0-F945A9008125}.Release|x64.Build.0 = Release|x64
		{9FE66F8F-AD9F-4FC9-B2D0-F945A9008125}.Release|x86.ActiveCfg = Release|Win32
		{9FE66F8F-AD9F-4FC9-B2D0-F945A9008125}.Release|x86.Build.0 = Release|Win32
		{71DDA175-BE19-4787-A7BD-40E15A3270E8}.Debug|x64.ActiveCfg = Debug|x64
		{71DDA175-BE19-4787-A7BD-40E15A3270E8}.Debug|x64.Build.0 = Debug|x64
		{71DDA175-BE19-4787-A7BD-40E15A3270E8}.Debug|x86.ActiveCfg = Debug|Win32
		{71DDA175-BE19-4787-A7BD-40E15A3270E8}.Debug|x86.Build.0 = Debug|Win32
		{71DDA175-BE19-4787-A7BD-40E15A3270E8}.Release|x64.ActiveCfg = Release|x64
		{71DDA175-BE19-4787-A7BD-40E15A3270E8}.Release|x64.Build.0 = Release|x64
		{71DDA175-BE19-4787-A7BD-40E15A3270E8}.Release|x86.ActiveCfg = Release|Win32
		{71DDA175-BE19-4787-A7BD-40E15A3270E8}.Release|x86.Build.0 = Release|Win32
		{4CD024C2-7ECD-44E0-ABC7-8DADA26F8A92}.Debug|x64.ActiveCfg = Debug|x64
		{4CD024C2-7ECD-44E0-ABC7-8DADA26F8A92}.Debug|x64.Build.0 = Debug|x64
		{4CD024C2-7ECD-44E0-ABC7-8DADA26F8A92}.Debug|x86.ActiveCfg = Debug|Win32
		{4CD024C2-7ECD-44E0-ABC7-8DADA26F8A92}.Debug|x86.Build.0 = Debug|Win32
		{4CD024C2-7ECD-44E0-ABC7-8DADA26F8A92}.Release|x64.ActiveCfg = Release|x64
		{4CD024C2-7ECD-44E0-ABC7-8DADA26F8A92}.Release|x64.Build.0 = Release|x64
		{4CD024C2-7ECD-44E0-ABC7-8DADA26F8A92}.Release|x86.ActiveCfg = Release|Win32
		{4CD024C2-7ECD-44E0-ABC7-8DADA26F8A92}.Release|x86.Build.0 = Release|Win32
		{8C75299D-0312-464A-9C5C-1FDB6B46411D}.Debug|x64.ActiveCfg = Debug|x64
		{8C75299D-0312-464A-9C5C-1FDB6B46411D}.Debug|x64.Build.0 = Debug|x64
		{8C75299D-0312-464A-9C5C-1FDB6B46411D}.Debug|x86.ActiveCfg = Debug|Win32
		{8C75299D-0312-464A-9C5C-1FDB6B46411D}.Debug|x86.Build.0 = Debug|Win32
		{8C75299D-0312-464A-9C5C-1FDB6B46411D}.Release|x64.ActiveCfg = Release|x64
		{8C75299D-0312-464A-9C5C-1FDB6B46411D}.Release|x64.Build.0 = Release|x64
		{8C75299D-0312-464A-9C5C-1FDB6B46411D}.Release|x86.ActiveCfg = Release|Win32
		{8C75299D-0312-464A-9C5C-1FDB6B46411D}.Release|x86.Build.0 = Release|Win32
	EndGlobalSection
	GlobalSection(SolutionProperties) = preSolution
		HideSolutionNode = FALSE
	EndGlobalSection
EndGlobal
